
Microsoft Visual Studio Solution File, Format Version 12.00
# Visual Studio Version 16
VisualStudioVersion = 16.0.32126.315
MinimumVisualStudioVersion = 10.0.40219.1
Project("{FAE04EC0-301F-11D3-BF4B-00C04F79EFBC}") = "AtivSem01", "AtivSem01\AtivSem01.csproj", "{A3F64D31-A67F-4FBB-8C93-ED9D5A2D56D2}"
EndProject
Global
	GlobalSection(SolutionConfigurationPlatforms) = preSolution
		Debug|Any CPU = Debug|Any CPU
		Release|Any CPU = Release|Any CPU
	EndGlobalSection
	GlobalSection(ProjectConfigurationPlatforms) = postSolution
		{A3F64D31-A67F-4FBB-8C93-ED9D5A2D56D2}.Debug|Any CPU.ActiveCfg = Debug|Any CPU
		{A3F64D31-A67F-4FBB-8C93-ED9D5A2D56D2}.Debug|Any CPU.Build.0 = Debug|Any CPU
		{A3F64D31-A67F-4FBB-8C93-ED9D5A2D56D2}.Release|Any CPU.ActiveCfg = Release|Any CPU
		{A3F64D31-A67F-4FBB-8C93-ED9D5A2D56D2}.Release|Any CPU.Build.0 = Release|Any CPU
	EndGlobalSection
	GlobalSection(SolutionProperties) = preSolution
		HideSolutionNode = FALSE
	EndGlobalSection
	GlobalSection(ExtensibilityGlobals) = postSolution
		SolutionGuid = {4443E1A8-9701-4382-BC68-7C5A65636FD9}
	EndGlobalSection
EndGlobal
